
Microsoft Visual Studio Solution File, Format Version 12.00
# Visual Studio 15
VisualStudioVersion = 15.0.28307.489
MinimumVisualStudioVersion = 10.0.40219.1
Project("{FAE04EC0-301F-11D3-BF4B-00C04F79EFBC}") = "NATnetty", "NATnetty\NATnetty.csproj", "{0DEB8B55-4FFA-443B-94F0-96913B697387}"
EndProject
Global
	GlobalSection(SolutionConfigurationPlatforms) = preSolution
		Debug|Any CPU = Debug|Any CPU
		Release|Any CPU = Release|Any CPU
	EndGlobalSection
	GlobalSection(ProjectConfigurationPlatforms) = postSolution
		{0DEB8B55-4FFA-443B-94F0-96913B697387}.Debug|Any CPU.ActiveCfg = Debug|Any CPU
		{0DEB8B55-4FFA-443B-94F0-96913B697387}.Debug|Any CPU.Build.0 = Debug|Any CPU
		{0DEB8B55-4FFA-443B-94F0-96913B697387}.Release|Any CPU.ActiveCfg = Release|Any CPU
		{0DEB8B55-4FFA-443B-94F0-96913B697387}.Release|Any CPU.Build.0 = Release|Any CPU
	EndGlobalSection
	GlobalSection(SolutionProperties) = preSolution
		HideSolutionNode = FALSE
	EndGlobalSection
	GlobalSection(ExtensibilityGlobals) = postSolution
		SolutionGuid = {38DA69CE-B7C8-44B7-89A0-356D37C061D7}
	EndGlobalSection
EndGlobal
